
Microsoft Visual Studio Solution File, Format Version 12.00
# Visual Studio 15
VisualStudioVersion = 15.0.28010.2041
MinimumVisualStudioVersion = 10.0.40219.1
Project("{FAE04EC0-301F-11D3-BF4B-00C04F79EFBC}") = "FinallyTaskForASP", "FinallyTaskForASP\FinallyTaskForASP.csproj", "{5F37880F-B951-4D62-8EC4-D80BEC946388}"
EndProject
Project("{2150E333-8FDC-42A3-9474-1A3956D46DE8}") = "BusinessLogic", "BusinessLogic", "{79CBED71-2971-4A4B-A38A-D1AC63124CA2}"
EndProject
Project("{2150E333-8FDC-42A3-9474-1A3956D46DE8}") = "Common", "Common", "{11A819A6-1F08-4ACC-BA51-1953E49A2553}"
EndProject
Project("{2150E333-8FDC-42A3-9474-1A3956D46DE8}") = "DataAccessLayer", "DataAccessLayer", "{A79A0B3C-5618-4BF9-A3CF-600E9E45A405}"
EndProject
Project("{FAE04EC0-301F-11D3-BF4B-00C04F79EFBC}") = "Entity", "Entity\Entity.csproj", "{C00F6677-C0B2-4A6A-91D8-8B17C667D2F6}"
EndProject
Project("{FAE04EC0-301F-11D3-BF4B-00C04F79EFBC}") = "NinjectCommon", "NinjectCommon\NinjectCommon.csproj", "{3190290D-64DF-4EED-9684-183CA36483C8}"
EndProject
Project("{FAE04EC0-301F-11D3-BF4B-00C04F79EFBC}") = "BLL", "BLL\BLL.csproj", "{32BCC089-5E77-4147-9DF1-D7DA69E66014}"
EndProject
Project("{FAE04EC0-301F-11D3-BF4B-00C04F79EFBC}") = "Parsing", "Parsing\Parsing.csproj", "{58850DEF-4F2E-42CA-8DEA-E808B4C398AF}"
EndProject
Project("{FAE04EC0-301F-11D3-BF4B-00C04F79EFBC}") = "DAO", "DAO\DAO.csproj", "{2C5F44D5-62EF-42AA-A250-AD6581E43AE6}"
EndProject
Project("{FAE04EC0-301F-11D3-BF4B-00C04F79EFBC}") = "BLL.Interface", "BLL.Interface\BLL.Interface.csproj", "{52EB1F8A-E2AA-4589-B332-CED6B0F65C97}"
EndProject
Project("{FAE04EC0-301F-11D3-BF4B-00C04F79EFBC}") = "DAO.Interface", "DAO.Interface\DAO.Interface.csproj", "{420F7AFC-C928-454A-8A50-5841B675FF28}"
EndProject
Project("{FAE04EC0-301F-11D3-BF4B-00C04F79EFBC}") = "Parsing.Interface", "Parsing.Interface\Parsing.Interface.csproj", "{18BAF6D2-C368-4204-A0E2-2E2BBE1B3D8E}"
EndProject
Project("{FAE04EC0-301F-11D3-BF4B-00C04F79EFBC}") = "Entity.Abstract", "Entity.Abstract\Entity.Abstract.csproj", "{DDA20174-2F35-41D3-8D65-9390161F9E02}"
EndProject
Global
	GlobalSection(SolutionConfigurationPlatforms) = preSolution
		Debug|Any CPU = Debug|Any CPU
		Release|Any CPU = Release|Any CPU
	EndGlobalSection
	GlobalSection(ProjectConfigurationPlatforms) = postSolution
		{5F37880F-B951-4D62-8EC4-D80BEC946388}.Debug|Any CPU.ActiveCfg = Debug|Any CPU
		{5F37880F-B951-4D62-8EC4-D80BEC946388}.Debug|Any CPU.Build.0 = Debug|Any CPU
		{5F37880F-B951-4D62-8EC4-D80BEC946388}.Release|Any CPU.ActiveCfg = Release|Any CPU
		{5F37880F-B951-4D62-8EC4-D80BEC946388}.Release|Any CPU.Build.0 = Release|Any CPU
		{C00F6677-C0B2-4A6A-91D8-8B17C667D2F6}.Debug|Any CPU.ActiveCfg = Debug|Any CPU
		{C00F6677-C0B2-4A6A-91D8-8B17C667D2F6}.Debug|Any CPU.Build.0 = Debug|Any CPU
		{C00F6677-C0B2-4A6A-91D8-8B17C667D2F6}.Release|Any CPU.ActiveCfg = Release|Any CPU
		{C00F6677-C0B2-4A6A-91D8-8B17C667D2F6}.Release|Any CPU.Build.0 = Release|Any CPU
		{3190290D-64DF-4EED-9684-183CA36483C8}.Debug|Any CPU.ActiveCfg = Debug|Any CPU
		{3190290D-64DF-4EED-9684-183CA36483C8}.Debug|Any CPU.Build.0 = Debug|Any CPU
		{3190290D-64DF-4EED-9684-183CA36483C8}.Release|Any CPU.ActiveCfg = Release|Any CPU
		{3190290D-64DF-4EED-9684-183CA36483C8}.Release|Any CPU.Build.0 = Release|Any CPU
		{32BCC089-5E77-4147-9DF1-D7DA69E66014}.Debug|Any CPU.ActiveCfg = Debug|Any CPU
		{32BCC089-5E77-4147-9DF1-D7DA69E66014}.Debug|Any CPU.Build.0 = Debug|Any CPU
		{32BCC089-5E77-4147-9DF1-D7DA69E66014}.Release|Any CPU.ActiveCfg = Release|Any CPU
		{32BCC089-5E77-4147-9DF1-D7DA69E66014}.Release|Any CPU.Build.0 = Release|Any CPU
		{58850DEF-4F2E-42CA-8DEA-E808B4C398AF}.Debug|Any CPU.ActiveCfg = Debug|Any CPU
		{58850DEF-4F2E-42CA-8DEA-E808B4C398AF}.Debug|Any CPU.Build.0 = Debug|Any CPU
		{58850DEF-4F2E-42CA-8DEA-E808B4C398AF}.Release|Any CPU.ActiveCfg = Release|Any CPU
		{58850DEF-4F2E-42CA-8DEA-E808B4C398AF}.Release|Any CPU.Build.0 = Release|Any CPU
		{2C5F44D5-62EF-42AA-A250-AD6581E43AE6}.Debug|Any CPU.ActiveCfg = Debug|Any CPU
		{2C5F44D5-62EF-42AA-A250-AD6581E43AE6}.Debug|Any CPU.Build.0 = Debug|Any CPU
		{2C5F44D5-62EF-42AA-A250-AD6581E43AE6}.Release|Any CPU.ActiveCfg = Release|Any CPU
		{2C5F44D5-62EF-42AA-A250-AD6581E43AE6}.Release|Any CPU.Build.0 = Release|Any CPU
		{52EB1F8A-E2AA-4589-B332-CED6B0F65C97}.Debug|Any CPU.ActiveCfg = Debug|Any CPU
		{52EB1F8A-E2AA-4589-B332-CED6B0F65C97}.Debug|Any CPU.Build.0 = Debug|Any CPU
		{52EB1F8A-E2AA-4589-B332-CED6B0F65C97}.Release|Any CPU.ActiveCfg = Release|Any CPU
		{52EB1F8A-E2AA-4589-B332-CED6B0F65C97}.Release|Any CPU.Build.0 = Release|Any CPU
		{420F7AFC-C928-454A-8A50-5841B675FF28}.Debug|Any CPU.ActiveCfg = Debug|Any CPU
		{420F7AFC-C928-454A-8A50-5841B675FF28}.Debug|Any CPU.Build.0 = Debug|Any CPU
		{420F7AFC-C928-454A-8A50-5841B675FF28}.Release|Any CPU.ActiveCfg = Release|Any CPU
		{420F7AFC-C928-454A-8A50-5841B675FF28}.Release|Any CPU.Build.0 = Release|Any CPU
		{18BAF6D2-C368-4204-A0E2-2E2BBE1B3D8E}.Debug|Any CPU.ActiveCfg = Debug|Any CPU
		{18BAF6D2-C368-4204-A0E2-2E2BBE1B3D8E}.Debug|Any CPU.Build.0 = Debug|Any CPU
		{18BAF6D2-C368-4204-A0E2-2E2BBE1B3D8E}.Release|Any CPU.ActiveCfg = Release|Any CPU
		{18BAF6D2-C368-4204-A0E2-2E2BBE1B3D8E}.Release|Any CPU.Build.0 = Release|Any CPU
		{DDA20174-2F35-41D3-8D65-9390161F9E02}.Debug|Any CPU.ActiveCfg = Debug|Any CPU
		{DDA20174-2F35-41D3-8D65-9390161F9E02}.Debug|Any CPU.Build.0 = Debug|Any CPU
		{DDA20174-2F35-41D3-8D65-9390161F9E02}.Release|Any CPU.ActiveCfg = Release|Any CPU
		{DDA20174-2F35-41D3-8D65-9390161F9E02}.Release|Any CPU.Build.0 = Release|Any CPU
	EndGlobalSection
	GlobalSection(SolutionProperties) = preSolution
		HideSolutionNode = FALSE
	EndGlobalSection
	GlobalSection(NestedProjects) = preSolution
		{C00F6677-C0B2-4A6A-91D8-8B17C667D2F6} = {11A819A6-1F08-4ACC-BA51-1953E49A2553}
		{3190290D-64DF-4EED-9684-183CA36483C8} = {11A819A6-1F08-4ACC-BA51-1953E49A2553}
		{32BCC089-5E77-4147-9DF1-D7DA69E66014} = {79CBED71-2971-4A4B-A38A-D1AC63124CA2}
		{58850DEF-4F2E-42CA-8DEA-E808B4C398AF} = {79CBED71-2971-4A4B-A38A-D1AC63124CA2}
		{2C5F44D5-62EF-42AA-A250-AD6581E43AE6} = {A79A0B3C-5618-4BF9-A3CF-600E9E45A405}
		{52EB1F8A-E2AA-4589-B332-CED6B0F65C97} = {79CBED71-2971-4A4B-A38A-D1AC63124CA2}
		{420F7AFC-C928-454A-8A50-5841B675FF28} = {A79A0B3C-5618-4BF9-A3CF-600E9E45A405}
		{18BAF6D2-C368-4204-A0E2-2E2BBE1B3D8E} = {79CBED71-2971-4A4B-A38A-D1AC63124CA2}
		{DDA20174-2F35-41D3-8D65-9390161F9E02} = {11A819A6-1F08-4ACC-BA51-1953E49A2553}
	EndGlobalSection
	GlobalSection(ExtensibilityGlobals) = postSolution
		SolutionGuid = {AF95CCBD-7EA9-4E73-8912-2546AD54A5AC}
	EndGlobalSection
EndGlobal
